
Microsoft Visual Studio Solution File, Format Version 12.00
# Visual Studio 15
VisualStudioVersion = 15.0.28307.1062
MinimumVisualStudioVersion = 10.0.40219.1
Project("{FAE04EC0-301F-11D3-BF4B-00C04F79EFBC}") = "CityInfoApi", "CityInfoApi\CityInfoApi.csproj", "{28F8600B-3609-425C-A7F3-009838AEDAB9}"
EndProject
Global
	GlobalSection(SolutionConfigurationPlatforms) = preSolution
		Debug|Any CPU = Debug|Any CPU
		Release|Any CPU = Release|Any CPU
	EndGlobalSection
	GlobalSection(ProjectConfigurationPlatforms) = postSolution
		{28F8600B-3609-425C-A7F3-009838AEDAB9}.Debug|Any CPU.ActiveCfg = Debug|Any CPU
		{28F8600B-3609-425C-A7F3-009838AEDAB9}.Debug|Any CPU.Build.0 = Debug|Any CPU
		{28F8600B-3609-425C-A7F3-009838AEDAB9}.Release|Any CPU.ActiveCfg = Release|Any CPU
		{28F8600B-3609-425C-A7F3-009838AEDAB9}.Release|Any CPU.Build.0 = Release|Any CPU
	EndGlobalSection
	GlobalSection(SolutionProperties) = preSolution
		HideSolutionNode = FALSE
	EndGlobalSection
	GlobalSection(ExtensibilityGlobals) = postSolution
		SolutionGuid = {58E9CAF0-4376-4E4F-8A94-C78A5705D4B8}
	EndGlobalSection
EndGlobal
